
Microsoft Visual Studio Solution File, Format Version 12.00
# Visual Studio 15
VisualStudioVersion = 15.0.26730.8
MinimumVisualStudioVersion = 10.0.40219.1
Project("{9A19103F-16F7-4668-BE54-9A1E7A4F7556}") = "SportingSolutions.Udapi.Sdk.Core", "..\..\SportingSolutions.Udapi.Sdk\SportingSolutions.Udapi.Sdk.Core.csproj", "{3364E7DA-606D-4F10-A466-2A11039BF74D}"
EndProject
Project("{9A19103F-16F7-4668-BE54-9A1E7A4F7556}") = "SportingSolutions.Udapi.Sdk.StreamingExample.Console.Core", "..\..\SportingSolutions.Udapi.Sdk.StreamingExample.Console\SportingSolutions.Udapi.Sdk.StreamingExample.Console.Core.csproj", "{4D0C95D7-641C-4296-BF62-BA13E9CABCC5}"
EndProject
Global
	GlobalSection(SolutionConfigurationPlatforms) = preSolution
		Debug|Any CPU = Debug|Any CPU
		Release|Any CPU = Release|Any CPU
	EndGlobalSection
	GlobalSection(ProjectConfigurationPlatforms) = postSolution
		{3364E7DA-606D-4F10-A466-2A11039BF74D}.Debug|Any CPU.ActiveCfg = Debug|Any CPU
		{3364E7DA-606D-4F10-A466-2A11039BF74D}.Debug|Any CPU.Build.0 = Debug|Any CPU
		{3364E7DA-606D-4F10-A466-2A11039BF74D}.Release|Any CPU.ActiveCfg = Release|Any CPU
		{3364E7DA-606D-4F10-A466-2A11039BF74D}.Release|Any CPU.Build.0 = Release|Any CPU
		{4D0C95D7-641C-4296-BF62-BA13E9CABCC5}.Debug|Any CPU.ActiveCfg = Debug|Any CPU
		{4D0C95D7-641C-4296-BF62-BA13E9CABCC5}.Debug|Any CPU.Build.0 = Debug|Any CPU
		{4D0C95D7-641C-4296-BF62-BA13E9CABCC5}.Release|Any CPU.ActiveCfg = Release|Any CPU
		{4D0C95D7-641C-4296-BF62-BA13E9CABCC5}.Release|Any CPU.Build.0 = Release|Any CPU
	EndGlobalSection
	GlobalSection(SolutionProperties) = preSolution
		HideSolutionNode = FALSE
	EndGlobalSection
	GlobalSection(ExtensibilityGlobals) = postSolution
		SolutionGuid = {0C48F358-050C-4B28-BD5E-FE75F64790AD}
	EndGlobalSection
EndGlobal
